{
  "version": 4,
  "terraform_version": "1.3.8",
  "serial": 8,
  "lineage": "227d6b23-c1da-5f67-8851-79b89d1cf516",
  "outputs": {
    "cf_trigger_url": {
      "value": "https://us-central1-utility-unity-377912.cloudfunctions.net/cf_get_date",
      "type": "string"
    }
  },
  "resources": [
    {
      "mode": "managed",
      "type": "google_cloud_scheduler_job",
      "name": "cf_date",
      "provider": "provider[\"registry.terraform.io/hashicorp/google\"]",
      "instances": [
        {
          "schema_version": 0,
          "attributes": {
            "app_engine_http_target": [],
            "attempt_deadline": "180s",
            "description": "",
            "http_target": [
              {
                "body": "",
                "headers": {},
                "http_method": "GET",
                "oauth_token": [],
                "oidc_token": [],
                "uri": "https://us-central1-utility-unity-377912.cloudfunctions.net/cf_get_date"
              }
            ],
            "id": "projects/utility-unity-377912/locations/us-central1/jobs/cf_date",
            "name": "cf_date",
            "paused": false,
            "project": "utility-unity-377912",
            "pubsub_target": [],
            "region": "us-central1",
            "retry_config": [],
            "schedule": "45 11 * * 1-5",
            "state": "ENABLED",
            "time_zone": "Asia/Jakarta",
            "timeouts": null
          },
          "sensitive_attributes": [],
          "private": "eyJlMmJmYjczMC1lY2FhLTExZTYtOGY4OC0zNDM2M2JjN2M0YzAiOnsiY3JlYXRlIjoxMjAwMDAwMDAwMDAwLCJkZWxldGUiOjEyMDAwMDAwMDAwMDAsInVwZGF0ZSI6MTIwMDAwMDAwMDAwMH19"
        }
      ]
    }
  ],
  "check_results": null
}
